
Microsoft Visual Studio Solution File, Format Version 12.00
# Visual Studio 15
VisualStudioVersion = 15.0.28307.271
MinimumVisualStudioVersion = 10.0.40219.1
Project("{FAE04EC0-301F-11D3-BF4B-00C04F79EFBC}") = "COMP123-S2019-Lab10-301034220", "COMP123-S2019-Lab10-301034220\COMP123-S2019-Lab10-301034220.csproj", "{C821C19B-ED21-487A-8499-BDC343A1A8DA}"
EndProject
Global
	GlobalSection(SolutionConfigurationPlatforms) = preSolution
		Debug|Any CPU = Debug|Any CPU
		Release|Any CPU = Release|Any CPU
	EndGlobalSection
	GlobalSection(ProjectConfigurationPlatforms) = postSolution
		{C821C19B-ED21-487A-8499-BDC343A1A8DA}.Debug|Any CPU.ActiveCfg = Debug|Any CPU
		{C821C19B-ED21-487A-8499-BDC343A1A8DA}.Debug|Any CPU.Build.0 = Debug|Any CPU
		{C821C19B-ED21-487A-8499-BDC343A1A8DA}.Release|Any CPU.ActiveCfg = Release|Any CPU
		{C821C19B-ED21-487A-8499-BDC343A1A8DA}.Release|Any CPU.Build.0 = Release|Any CPU
	EndGlobalSection
	GlobalSection(SolutionProperties) = preSolution
		HideSolutionNode = FALSE
	EndGlobalSection
	GlobalSection(ExtensibilityGlobals) = postSolution
		SolutionGuid = {66761A81-1B26-441C-AE7B-135B57D61C89}
	EndGlobalSection
EndGlobal
